Microsoft Visual Studio Solution File, Format Version 12.00
# Visual Studio Version 17
VisualStudioVersion = 17.5.2.0
MinimumVisualStudioVersion = 10.0.40219.1
Project("{FAE04EC0-301F-11D3-BF4B-00C04F79EFBC}") = "BusBookingWebApp", "BusBookingWebApp.csproj", "{79AA8937-8A95-A52D-B5CB-B7A369E753BC}"
EndProject
Global
	GlobalSection(SolutionConfigurationPlatforms) = preSolution
		Debug|Any CPU = Debug|Any CPU
		Release|Any CPU = Release|Any CPU
	EndGlobalSection
	GlobalSection(ProjectConfigurationPlatforms) = postSolution
		{79AA8937-8A95-A52D-B5CB-B7A369E753BC}.Debug|Any CPU.ActiveCfg = Debug|Any CPU
		{79AA8937-8A95-A52D-B5CB-B7A369E753BC}.Debug|Any CPU.Build.0 = Debug|Any CPU
		{79AA8937-8A95-A52D-B5CB-B7A369E753BC}.Release|Any CPU.ActiveCfg = Release|Any CPU
		{79AA8937-8A95-A52D-B5CB-B7A369E753BC}.Release|Any CPU.Build.0 = Release|Any CPU
	EndGlobalSection
	GlobalSection(SolutionProperties) = preSolution
		HideSolutionNode = FALSE
	EndGlobalSection
	GlobalSection(ExtensibilityGlobals) = postSolution
		SolutionGuid = {60D9B992-51AD-47A2-8F5D-8139B0167B45}
	EndGlobalSection
EndGlobal
